// !$*UTF8*$!
{
	archiveVersion = 1;
	classes = {
	};
	objectVersion = 46;
	objects = {

/* Begin PBXBuildFile section */
		EB57258A1E26C5100045332B /* main.m in Sources */ = {isa = PBXBuildFile; fileRef = EB5725891E26C5100045332B /* main.m */; };
		EB57258D1E26C5100045332B /* AppDelegate.m in Sources */ = {isa = PBXBuildFile; fileRef = EB57258C1E26C5100045332B /* AppDelegate.m */; };
		EB5725901E26C5100045332B /* TipViewController.m in Sources */ = {isa = PBXBuildFile; fileRef = EB57258F1E26C5100045332B /* TipViewController.m */; };
		EB5725931E26C5100045332B /* Main.storyboard in Resources */ = {isa = PBXBuildFile; fileRef = EB5725911E26C5100045332B /* Main.storyboard */; };
		EB5725961E26C5100045332B /* Tip_Calculator.xcdatamodeld in Sources */ = {isa = PBXBuildFile; fileRef = EB5725941E26C5100045332B /* Tip_Calculator.xcdatamodeld */; };
		EB5725981E26C5100045332B /* Assets.xcassets in Resources */ = {isa = PBXBuildFile; fileRef = EB5725971E26C5100045332B /* Assets.xcassets */; };
		EB57259B1E26C5100045332B /* LaunchScreen.storyboard in Resources */ = {isa = PBXBuildFile; fileRef = EB5725991E26C5100045332B /* LaunchScreen.storyboard */; };
		EB5725A61E26C5100045332B /* Tip_CalculatorTests.m in Sources */ = {isa = PBXBuildFile; fileRef = EB5725A51E26C5100045332B /* Tip_CalculatorTests.m */; };
		EB5725B11E26C5100045332B /* Tip_CalculatorUITests.m in Sources */ = {isa = PBXBuildFile; fileRef = EB5725B01E26C5100045332B /* Tip_CalculatorUITests.m */; };
		EB5725C01E26D9950045332B /* SettingsViewController.m in Sources */ = {isa = PBXBuildFile; fileRef = EB5725BF1E26D9950045332B /* SettingsViewController.m */; };
		EB5725C21E26F1C50045332B /* readme.md in Sources */ = {isa = PBXBuildFile; fileRef = EB5725C11E26F1C50045332B /* readme.md */; };
/* End PBXBuildFile section */

/* Begin PBXContainerItemProxy section */
		EB5725A21E26C5100045332B /* PBXContainerItemProxy */ = {
			isa = PBXContainerItemProxy;
			containerPortal = EB57257D1E26C5100045332B /* Project object */;
			proxyType = 1;
			remoteGlobalIDString = EB5725841E26C5100045332B;
			remoteInfo = "Tip Calculator";
		};
		EB5725AD1E26C5100045332B /* PBXContainerItemProxy */ = {
			isa = PBXContainerItemProxy;
			containerPortal = EB57257D1E26C5100045332B /* Project object */;
			proxyType = 1;
			remoteGlobalIDString = EB5725841E26C5100045332B;
			remoteInfo = "Tip Calculator";
		};
/* End PBXContainerItemProxy section */

/* Begin PBXFileReference section */
		EB5725851E26C5100045332B /* Tip Calculator.app */ = {isa = PBXFileReference; explicitFileType = wrapper.application; includeInIndex = 0; path = "Tip Calculator.app"; sourceTree = BUILT_PRODUCTS_DIR; };
		EB5725891E26C5100045332B /* main.m */ = {isa = PBXFileReference; lastKnownFileType = sourcecode.c.objc; path = main.m; sourceTree = "<group>"; };
		EB57258B1E26C5100045332B /* AppDelegate.h */ = {isa = PBXFileReference; lastKnownFileType = sourcecode.c.h; path = AppDelegate.h; sourceTree = "<group>"; };
		EB57258C1E26C5100045332B /* AppDelegate.m */ = {isa = PBXFileReference; lastKnownFileType = sourcecode.c.objc; path = AppDelegate.m; sourceTree = "<group>"; };
		EB57258E1E26C5100045332B /* TipViewController.h */ = {isa = PBXFileReference; lastKnownFileType = sourcecode.c.h; path = TipViewController.h; sourceTree = "<group>"; };
		EB57258F1E26C5100045332B /* TipViewController.m */ = {isa = PBXFileReference; lastKnownFileType = sourcecode.c.objc; path = TipViewController.m; sourceTree = "<group>"; };
		EB5725921E26C5100045332B /* Base */ = {isa = PBXFileReference; lastKnownFileType = file.storyboard; name = Base; path = Base.lproj/Main.storyboard; sourceTree = "<group>"; };
		EB5725951E26C5100045332B /* Tip_Calculator.xcdatamodel */ = {isa = PBXFileReference; lastKnownFileType = wrapper.xcdatamodel; path = Tip_Calculator.xcdatamodel; sourceTree = "<group>"; };
		EB5725971E26C5100045332B /* Assets.xcassets */ = {isa = PBXFileReference; lastKnownFileType = folder.assetcatalog; path = Assets.xcassets; sourceTree = "<group>"; };
		EB57259A1E26C5100045332B /* Base */ = {isa = PBXFileReference; lastKnownFileType = file.storyboard; name = Base; path = Base.lproj/LaunchScreen.storyboard; sourceTree = "<group>"; };
		EB57259C1E26C5100045332B /* Info.plist */ = {isa = PBXFileReference; lastKnownFileType = text.plist.xml; path = Info.plist; sourceTree = "<group>"; };
		EB5725A11E26C5100045332B /* Tip CalculatorTests.xctest */ = {isa = PBXFileReference; explicitFileType = wrapper.cfbundle; includeInIndex = 0; path = "Tip CalculatorTests.xctest"; sourceTree = BUILT_PRODUCTS_DIR; };
		EB5725A51E26C5100045332B /* Tip_CalculatorTests.m */ = {isa = PBXFileReference; lastKnownFileType = sourcecode.c.objc; path = Tip_CalculatorTests.m; sourceTree = "<group>"; };
		EB5725A71E26C5100045332B /* Info.plist */ = {isa = PBXFileReference; lastKnownFileType = text.plist.xml; path = Info.plist; sourceTree = "<group>"; };
		EB5725AC1E26C5100045332B /* Tip CalculatorUITests.xctest */ = {isa = PBXFileReference; explicitFileType = wrapper.cfbundle; includeInIndex = 0; path = "Tip CalculatorUITests.xctest"; sourceTree = BUILT_PRODUCTS_DIR; };
		EB5725B01E26C5100045332B /* Tip_CalculatorUITests.m */ = {isa = PBXFileReference; lastKnownFileType = sourcecode.c.objc; path = Tip_CalculatorUITests.m; sourceTree = "<group>"; };
		EB5725B21E26C5100045332B /* Info.plist */ = {isa = PBXFileReference; lastKnownFileType = text.plist.xml; path = Info.plist; sourceTree = "<group>"; };
		EB5725BE1E26D9950045332B /* SettingsViewController.h */ = {isa = PBXFileReference; fileEncoding = 4; lastKnownFileType = sourcecode.c.h; path = SettingsViewController.h; sourceTree = "<group>"; };
		EB5725BF1E26D9950045332B /* SettingsViewController.m */ = {isa = PBXFileReference; fileEncoding = 4; lastKnownFileType = sourcecode.c.objc; path = SettingsViewController.m; sourceTree = "<group>"; };
		EB5725C11E26F1C50045332B /* readme.md */ = {isa = PBXFileReference; fileEncoding = 4; lastKnownFileType = net.daringfireball.markdown; name = readme.md; path = "Tip Calculator/readme.md"; sourceTree = "<group>"; };
/* End PBXFileReference section */

/* Begin PBXFrameworksBuildPhase section */
		EB5725821E26C5100045332B /* Frameworks */ = {
			isa = PBXFrameworksBuildPhase;
			buildActionMask = 2147483647;
			files = (
			);
			runOnlyForDeploymentPostprocessing = 0;
		};
		EB57259E1E26C5100045332B /* Frameworks */ = {
			isa = PBXFrameworksBuildPhase;
			buildActionMask = 2147483647;
			files = (
			);
			runOnlyForDeploymentPostprocessing = 0;
		};
		EB5725A91E26C5100045332B /* Frameworks */ = {
			isa = PBXFrameworksBuildPhase;
			buildActionMask = 2147483647;
			files = (
			);
			runOnlyForDeploymentPostprocessing = 0;
		};
/* End PBXFrameworksBuildPhase section */

/* Begin PBXGroup section */
		EB57257C1E26C5100045332B = {
			isa = PBXGroup;
			children = (
				EB5725C11E26F1C50045332B /* readme.md */,
				EB5725871E26C5100045332B /* Tip Calculator */,
				EB5725A41E26C5100045332B /* Tip CalculatorTests */,
				EB5725AF1E26C5100045332B /* Tip CalculatorUITests */,
				EB5725861E26C5100045332B /* Products */,
			);
			sourceTree = "<group>";
		};
		EB5725861E26C5100045332B /* Products */ = {
			isa = PBXGroup;
			children = (
				EB5725851E26C5100045332B /* Tip Calculator.app */,
				EB5725A11E26C5100045332B /* Tip CalculatorTests.xctest */,
				EB5725AC1E26C5100045332B /* Tip CalculatorUITests.xctest */,
			);
			name = Products;
			sourceTree = "<group>";
		};
		EB5725871E26C5100045332B /* Tip Calculator */ = {
			isa = PBXGroup;
			children = (
				EB57258B1E26C5100045332B /* AppDelegate.h */,
				EB57258C1E26C5100045332B /* AppDelegate.m */,
				EB57258E1E26C5100045332B /* TipViewController.h */,
				EB57258F1E26C5100045332B /* TipViewController.m */,
				EB5725911E26C5100045332B /* Main.storyboard */,
				EB5725BE1E26D9950045332B /* SettingsViewController.h */,
				EB5725BF1E26D9950045332B /* SettingsViewController.m */,
				EB5725971E26C5100045332B /* Assets.xcassets */,
				EB5725991E26C5100045332B /* LaunchScreen.storyboard */,
				EB57259C1E26C5100045332B /* Info.plist */,
				EB5725941E26C5100045332B /* Tip_Calculator.xcdatamodeld */,
				EB5725881E26C5100045332B /* Supporting Files */,
			);
			path = "Tip Calculator";
			sourceTree = "<group>";
		};
		EB5725881E26C5100045332B /* Supporting Files */ = {
			isa = PBXGroup;
			children = (
				EB5725891E26C5100045332B /* main.m */,
			);
			name = "Supporting Files";
			sourceTree = "<group>";
		};
		EB5725A41E26C5100045332B /* Tip CalculatorTests */ = {
			isa = PBXGroup;
			children = (
				EB5725A51E26C5100045332B /* Tip_CalculatorTests.m */,
				EB5725A71E26C5100045332B /* Info.plist */,
			);
			path = "Tip CalculatorTests";
			sourceTree = "<group>";
		};
		EB5725AF1E26C5100045332B /* Tip CalculatorUITests */ = {
			isa = PBXGroup;
			children = (
				EB5725B01E26C5100045332B /* Tip_CalculatorUITests.m */,
				EB5725B21E26C5100045332B /* Info.plist */,
			);
			path = "Tip CalculatorUITests";
			sourceTree = "<group>";
		};
/* End PBXGroup section */

/* Begin PBXNativeTarget section */
		EB5725841E26C5100045332B /* Tip Calculator */ = {
			isa = PBXNativeTarget;
			buildConfigurationList = EB5725B51E26C5100045332B /* Build configuration list for PBXNativeTarget "Tip Calculator" */;
			buildPhases = (
				EB5725811E26C5100045332B /* Sources */,
				EB5725821E26C5100045332B /* Frameworks */,
				EB5725831E26C5100045332B /* Resources */,
			);
			buildRules = (
			);
			dependencies = (
			);
			name = "Tip Calculator";
			productName = "Tip Calculator";
			productReference = EB5725851E26C5100045332B /* Tip Calculator.app */;
			productType = "com.apple.product-type.application";
		};
		EB5725A01E26C5100045332B /* Tip CalculatorTests */ = {
			isa = PBXNativeTarget;
			buildConfigurationList = EB5725B81E26C5100045332B /* Build configuration list for PBXNativeTarget "Tip CalculatorTests" */;
			buildPhases = (
				EB57259D1E26C5100045332B /* Sources */,
				EB57259E1E26C5100045332B /* Frameworks */,
				EB57259F1E26C5100045332B /* Resources */,
			);
			buildRules = (
			);
			dependencies = (
				EB5725A31E26C5100045332B /* PBXTargetDependency */,
			);
			name = "Tip CalculatorTests";
			productName = "Tip CalculatorTests";
			productReference = EB5725A11E26C5100045332B /* Tip CalculatorTests.xctest */;
			productType = "com.apple.product-type.bundle.unit-test";
		};
		EB5725AB1E26C5100045332B /* Tip CalculatorUITests */ = {
			isa = PBXNativeTarget;
			buildConfigurationList = EB5725BB1E26C5100045332B /* Build configuration list for PBXNativeTarget "Tip CalculatorUITests" */;
			buildPhases = (
				EB5725A81E26C5100045332B /* Sources */,
				EB5725A91E26C5100045332B /* Frameworks */,
				EB5725AA1E26C5100045332B /* Resources */,
			);
			buildRules = (
			);
			dependencies = (
				EB5725AE1E26C5100045332B /* PBXTargetDependency */,
			);
			name = "Tip CalculatorUITests";
			productName = "Tip CalculatorUITests";
			productReference = EB5725AC1E26C5100045332B /* Tip CalculatorUITests.xctest */;
			productType = "com.apple.product-type.bundle.ui-testing";
		};
/* End PBXNativeTarget section */

/* Begin PBXProject section */
		EB57257D1E26C5100045332B /* Project object */ = {
			isa = PBXProject;
			attributes = {
				LastUpgradeCheck = 0820;
				ORGANIZATIONNAME = "Laura Bingeman";
				TargetAttributes = {
					EB5725841E26C5100045332B = {
						CreatedOnToolsVersion = 8.2.1;
						ProvisioningStyle = Automatic;
					};
					EB5725A01E26C5100045332B = {
						CreatedOnToolsVersion = 8.2.1;
						ProvisioningStyle = Automatic;
						TestTargetID = EB5725841E26C5100045332B;
					};
					EB5725AB1E26C5100045332B = {
						CreatedOnToolsVersion = 8.2.1;
						ProvisioningStyle = Automatic;
						TestTargetID = EB5725841E26C5100045332B;
					};
				};
			};
			buildConfigurationList = EB5725801E26C5100045332B /* Build configuration list for PBXProject "Tip Calculator" */;
			compatibilityVersion = "Xcode 3.2";
			developmentRegion = English;
			hasScannedForEncodings = 0;
			knownRegions = (
				en,
				Base,
			);
			mainGroup = EB57257C1E26C5100045332B;
			productRefGroup = EB5725861E26C5100045332B /* Products */;
			projectDirPath = "";
			projectRoot = "";
			targets = (
				EB5725841E26C5100045332B /* Tip Calculator */,
				EB5725A01E26C5100045332B /* Tip CalculatorTests */,
				EB5725AB1E26C5100045332B /* Tip CalculatorUITests */,
			);
		};
/* End PBXProject section */

/* Begin PBXResourcesBuildPhase section */
		EB5725831E26C5100045332B /* Resources */ = {
			isa = PBXResourcesBuildPhase;
			buildActionMask = 2147483647;
			files = (
				EB57259B1E26C5100045332B /* LaunchScreen.storyboard in Resources */,
				EB5725981E26C5100045332B /* Assets.xcassets in Resources */,
				EB5725931E26C5100045332B /* Main.storyboard in Resources */,
			);
			runOnlyForDeploymentPostprocessing = 0;
		};
		EB57259F1E26C5100045332B /* Resources */ = {
			isa = PBXResourcesBuildPhase;
			buildActionMask = 2147483647;
			files = (
			);
			runOnlyForDeploymentPostprocessing = 0;
		};
		EB5725AA1E26C5100045332B /* Resources */ = {
			isa = PBXResourcesBuildPhase;
			buildActionMask = 2147483647;
			files = (
			);
			runOnlyForDeploymentPostprocessing = 0;
		};
/* End PBXResourcesBuildPhase section */

/* Begin PBXSourcesBuildPhase section */
		EB5725811E26C5100045332B /* Sources */ = {
			isa = PBXSourcesBuildPhase;
			buildActionMask = 2147483647;
			files = (
				EB5725901E26C5100045332B /* TipViewController.m in Sources */,
				EB5725961E26C5100045332B /* Tip_Calculator.xcdatamodeld in Sources */,
				EB5725C01E26D9950045332B /* SettingsViewController.m in Sources */,
				EB57258D1E26C5100045332B /* AppDelegate.m in Sources */,
				EB5725C21E26F1C50045332B /* readme.md in Sources */,
				EB57258A1E26C5100045332B /* main.m in Sources */,
			);
			runOnlyForDeploymentPostprocessing = 0;
		};
		EB57259D1E26C5100045332B /* Sources */ = {
			isa = PBXSourcesBuildPhase;
			buildActionMask = 2147483647;
			files = (
				EB5725A61E26C5100045332B /* Tip_CalculatorTests.m in Sources */,
			);
			runOnlyForDeploymentPostprocessing = 0;
		};
		EB5725A81E26C5100045332B /* Sources */ = {
			isa = PBXSourcesBuildPhase;
			buildActionMask = 2147483647;
			files = (
				EB5725B11E26C5100045332B /* Tip_CalculatorUITests.m in Sources */,
			);
			runOnlyForDeploymentPostprocessing = 0;
		};
/* End PBXSourcesBuildPhase section */

/* Begin PBXTargetDependency section */
		EB5725A31E26C5100045332B /* PBXTargetDependency */ = {
			isa = PBXTargetDependency;
			target = EB5725841E26C5100045332B /* Tip Calculator */;
			targetProxy = EB5725A21E26C5100045332B /* PBXContainerItemProxy */;
		};
		EB5725AE1E26C5100045332B /* PBXTargetDependency */ = {
			isa = PBXTargetDependency;
			target = EB5725841E26C5100045332B /* Tip Calculator */;
			targetProxy = EB5725AD1E26C5100045332B /* PBXContainerItemProxy */;
		};
/* End PBXTargetDependency section */

/* Begin PBXVariantGroup section */
		EB5725911E26C5100045332B /* Main.storyboard */ = {
			isa = PBXVariantGroup;
			children = (
				EB5725921E26C5100045332B /* Base */,
			);
			name = Main.storyboard;
			sourceTree = "<group>";
		};
		EB5725991E26C5100045332B /* LaunchScreen.storyboard */ = {
			isa = PBXVariantGroup;
			children = (
				EB57259A1E26C5100045332B /* Base */,
			);
			name = LaunchScreen.storyboard;
			sourceTree = "<group>";
		};
/* End PBXVariantGroup section */

/* Begin XCBuildConfiguration section */
		EB5725B31E26C5100045332B /* Debug */ = {
			isa = XCBuildConfiguration;
			buildSettings = {
				ALWAYS_SEARCH_USER_PATHS = NO;
				CLANG_ANALYZER_NONNULL = YES;
				CLANG_CXX_LANGUAGE_STANDARD = "gnu++0x";
				CLANG_CXX_LIBRARY = "libc++";
				CLANG_ENABLE_MODULES = YES;
				CLANG_ENABLE_OBJC_ARC = YES;
				CLANG_WARN_BOOL_CONVERSION = YES;
				CLANG_WARN_CONSTANT_CONVERSION = YES;
				CLANG_WARN_DIRECT_OBJC_ISA_USAGE = YES_ERROR;
				CLANG_WARN_DOCUMENTATION_COMMENTS = YES;
				CLANG_WARN_EMPTY_BODY = YES;
				CLANG_WARN_ENUM_CONVERSION = YES;
				CLANG_WARN_INFINITE_RECURSION = YES;
				CLANG_WARN_INT_CONVERSION = YES;
				CLANG_WARN_OBJC_ROOT_CLASS = YES_ERROR;
				CLANG_WARN_SUSPICIOUS_MOVE = YES;
				CLANG_WARN_UNREACHABLE_CODE = YES;
				CLANG_WARN__DUPLICATE_METHOD_MATCH = YES;
				"CODE_SIGN_IDENTITY[sdk=iphoneos*]" = "iPhone Developer";
				COPY_PHASE_STRIP = NO;
				DEBUG_INFORMATION_FORMAT = dwarf;
				ENABLE_STRICT_OBJC_MSGSEND = YES;
				ENABLE_TESTABILITY = YES;
				GCC_C_LANGUAGE_STANDARD = gnu99;
				GCC_DYNAMIC_NO_PIC = NO;
				GCC_NO_COMMON_BLOCKS = YES;
				GCC_OPTIMIZATION_LEVEL = 0;
				GCC_PREPROCESSOR_DEFINITIONS = (
					"DEBUG=1",
					"$(inherited)",
				);
				GCC_WARN_64_TO_32_BIT_CONVERSION = YES;
				GCC_WARN_ABOUT_RETURN_TYPE = YES_ERROR;
				GCC_WARN_UNDECLARED_SELECTOR = YES;
				GCC_WARN_UNINITIALIZED_AUTOS = YES_AGGRESSIVE;
				GCC_WARN_UNUSED_FUNCTION = YES;
				GCC_WARN_UNUSED_VARIABLE = YES;
				IPHONEOS_DEPLOYMENT_TARGET = 10.2;
				MTL_ENABLE_DEBUG_INFO = YES;
				ONLY_ACTIVE_ARCH = YES;
				SDKROOT = iphoneos;
				TARGETED_DEVICE_FAMILY = "1,2";
			};
			name = Debug;
		};
		EB5725B41E26C5100045332B /* Release */ = {
			isa = XCBuildConfiguration;
			buildSettings = {
				ALWAYS_SEARCH_USER_PATHS = NO;
				CLANG_ANALYZER_NONNULL = YES;
				CLANG_CXX_LANGUAGE_STANDARD = "gnu++0x";
				CLANG_CXX_LIBRARY = "libc++";
				CLANG_ENABLE_MODULES = YES;
				CLANG_ENABLE_OBJC_ARC = YES;
				CLANG_WARN_BOOL_CONVERSION = YES;
				CLANG_WARN_CONSTANT_CONVERSION = YES;
				CLANG_WARN_DIRECT_OBJC_ISA_USAGE = YES_ERROR;
				CLANG_WARN_DOCUMENTATION_COMMENTS = YES;
				CLANG_WARN_EMPTY_BODY = YES;
				CLANG_WARN_ENUM_CONVERSION = YES;
				CLANG_WARN_INFINITE_RECURSION = YES;
				CLANG_WARN_INT_CONVERSION = YES;
				CLANG_WARN_OBJC_ROOT_CLASS = YES_ERROR;
				CLANG_WARN_SUSPICIOUS_MOVE = YES;
				CLANG_WARN_UNREACHABLE_CODE = YES;
				CLANG_WARN__DUPLICATE_METHOD_MATCH = YES;
				"CODE_SIGN_IDENTITY[sdk=iphoneos*]" = "iPhone Developer";
				COPY_PHASE_STRIP = NO;
				DEBUG_INFORMATION_FORMAT = "dwarf-with-dsym";
				ENABLE_NS_ASSERTIONS = NO;
				ENABLE_STRICT_OBJC_MSGSEND = YES;
				GCC_C_LANGUAGE_STANDARD = gnu99;
				GCC_NO_COMMON_BLOCKS = YES;
				GCC_WARN_64_TO_32_BIT_CONVERSION = YES;
				GCC_WARN_ABOUT_RETURN_TYPE = YES_ERROR;
				GCC_WARN_UNDECLARED_SELECTOR = YES;
				GCC_WARN_UNINITIALIZED_AUTOS = YES_AGGRESSIVE;
				GCC_WARN_UNUSED_FUNCTION = YES;
				GCC_WARN_UNUSED_VARIABLE = YES;
				IPHONEOS_DEPLOYMENT_TARGET = 10.2;
				MTL_ENABLE_DEBUG_INFO = NO;
				SDKROOT = iphoneos;
				TARGETED_DEVICE_FAMILY = "1,2";
				VALIDATE_PRODUCT = YES;
			};
			name = Release;
		};
		EB5725B61E26C5100045332B /* Debug */ = {
			isa = XCBuildConfiguration;
			buildSettings = {
				ASSETCATALOG_COMPILER_APPICON_NAME = AppIcon;
				INFOPLIST_FILE = "Tip Calculator/Info.plist";
				IPHONEOS_DEPLOYMENT_TARGET = 10.0;
				LD_RUNPATH_SEARCH_PATHS = "$(inherited) @executable_path/Frameworks";
				PRODUCT_BUNDLE_IDENTIFIER = "Yahoo.Tip-Calculator";
				PRODUCT_NAME = "$(TARGET_NAME)";
			};
			name = Debug;
		};
		EB5725B71E26C5100045332B /* Release */ = {
			isa = XCBuildConfiguration;
			buildSettings = {
				ASSETCATALOG_COMPILER_APPICON_NAME = AppIcon;
				INFOPLIST_FILE = "Tip Calculator/Info.plist";
				IPHONEOS_DEPLOYMENT_TARGET = 10.0;
				LD_RUNPATH_SEARCH_PATHS = "$(inherited) @executable_path/Frameworks";
				PRODUCT_BUNDLE_IDENTIFIER = "Yahoo.Tip-Calculator";
				PRODUCT_NAME = "$(TARGET_NAME)";
			};
			name = Release;
		};
		EB5725B91E26C5100045332B /* Debug */ = {
			isa = XCBuildConfiguration;
			buildSettings = {
				BUNDLE_LOADER = "$(TEST_HOST)";
				INFOPLIST_FILE = "Tip CalculatorTests/Info.plist";
				LD_RUNPATH_SEARCH_PATHS = "$(inherited) @executable_path/Frameworks @loader_path/Frameworks";
				PRODUCT_BUNDLE_IDENTIFIER = "Yahoo.Tip-CalculatorTests";
				PRODUCT_NAME = "$(TARGET_NAME)";
				TEST_HOST = "$(BUILT_PRODUCTS_DIR)/Tip Calculator.app/Tip Calculator";
			};
			name = Debug;
		};
		EB5725BA1E26C5100045332B /* Release */ = {
			isa = XCBuildConfiguration;
			buildSettings = {
				BUNDLE_LOADER = "$(TEST_HOST)";
				INFOPLIST_FILE = "Tip CalculatorTests/Info.plist";
				LD_RUNPATH_SEARCH_PATHS = "$(inherited) @executable_path/Frameworks @loader_path/Frameworks";
				PRODUCT_BUNDLE_IDENTIFIER = "Yahoo.Tip-CalculatorTests";
				PRODUCT_NAME = "$(TARGET_NAME)";
				TEST_HOST = "$(BUILT_PRODUCTS_DIR)/Tip Calculator.app/Tip Calculator";
			};
			name = Release;
		};
		EB5725BC1E26C5100045332B /* Debug */ = {
			isa = XCBuildConfiguration;
			buildSettings = {
				INFOPLIST_FILE = "Tip CalculatorUITests/Info.plist";
				LD_RUNPATH_SEARCH_PATHS = "$(inherited) @executable_path/Frameworks @loader_path/Frameworks";
				PRODUCT_BUNDLE_IDENTIFIER = "Yahoo.Tip-CalculatorUITests";
				PRODUCT_NAME = "$(TARGET_NAME)";
				TEST_TARGET_NAME = "Tip Calculator";
			};
			name = Debug;
		};
		EB5725BD1E26C5100045332B /* Release */ = {
			isa = XCBuildConfiguration;
			buildSettings = {
				INFOPLIST_FILE = "Tip CalculatorUITests/Info.plist";
				LD_RUNPATH_SEARCH_PATHS = "$(inherited) @executable_path/Frameworks @loader_path/Frameworks";
				PRODUCT_BUNDLE_IDENTIFIER = "Yahoo.Tip-CalculatorUITests";
				PRODUCT_NAME = "$(TARGET_NAME)";
				TEST_TARGET_NAME = "Tip Calculator";
			};
			name = Release;
		};
/* End XCBuildConfiguration section */

/* Begin XCConfigurationList section */
		EB5725801E26C5100045332B /* Build configuration list for PBXProject "Tip Calculator" */ = {
			isa = XCConfigurationList;
			buildConfigurations = (
				EB5725B31E26C5100045332B /* Debug */,
				EB5725B41E26C5100045332B /* Release */,
			);
			defaultConfigurationIsVisible = 0;
			defaultConfigurationName = Release;
		};
		EB5725B51E26C5100045332B /* Build configuration list for PBXNativeTarget "Tip Calculator" */ = {
			isa = XCConfigurationList;
			buildConfigurations = (
				EB5725B61E26C5100045332B /* Debug */,
				EB5725B71E26C5100045332B /* Release */,
			);
			defaultConfigurationIsVisible = 0;
		};
		EB5725B81E26C5100045332B /* Build configuration list for PBXNativeTarget "Tip CalculatorTests" */ = {
			isa = XCConfigurationList;
			buildConfigurations = (
				EB5725B91E26C5100045332B /* Debug */,
				EB5725BA1E26C5100045332B /* Release */,
			);
			defaultConfigurationIsVisible = 0;
		};
		EB5725BB1E26C5100045332B /* Build configuration list for PBXNativeTarget "Tip CalculatorUITests" */ = {
			isa = XCConfigurationList;
			buildConfigurations = (
				EB5725BC1E26C5100045332B /* Debug */,
				EB5725BD1E26C5100045332B /* Release */,
			);
			defaultConfigurationIsVisible = 0;
		};
/* End XCConfigurationList section */

/* Begin XCVersionGroup section */
		EB5725941E26C5100045332B /* Tip_Calculator.xcdatamodeld */ = {
			isa = XCVersionGroup;
			children = (
				EB5725951E26C5100045332B /* Tip_Calculator.xcdatamodel */,
			);
			currentVersion = EB5725951E26C5100045332B /* Tip_Calculator.xcdatamodel */;
			path = Tip_Calculator.xcdatamodeld;
			sourceTree = "<group>";
			versionGroupType = wrapper.xcdatamodel;
		};
/* End XCVersionGroup section */
	};
	rootObject = EB57257D1E26C5100045332B /* Project object */;
}
